
Microsoft Visual Studio Solution File, Format Version 12.00
# Visual Studio 2013
VisualStudioVersion = 12.0.31101.0
MinimumVisualStudioVersion = 10.0.40219.1
Project("{FAE04EC0-301F-11D3-BF4B-00C04F79EFBC}") = "MetricHandler", "MetricHandler\MetricHandler.csproj", "{6CFE4A92-E735-46C9-96C7-547D77111DE1}"
EndProject
Project("{FAE04EC0-301F-11D3-BF4B-00C04F79EFBC}") = "LogHandler", "LogHandler\LogHandler.csproj", "{F0861093-4893-44DE-877C-CDCDC75D1EB6}"
EndProject
Project("{FAE04EC0-301F-11D3-BF4B-00C04F79EFBC}") = "StatusHandler", "StatusHandler\StatusHandler.csproj", "{7E6AEE84-2AA9-41D2-8AAE-5E98C16CA957}"
EndProject
Project("{FAE04EC0-301F-11D3-BF4B-00C04F79EFBC}") = "Client", "Client\Client.csproj", "{422BB703-FB42-482A-B343-9CFF531289E4}"
EndProject
Project("{2150E333-8FDC-42A3-9474-1A3956D46DE8}") = ".nuget", ".nuget", "{7CF170A8-A675-4907-A1FC-207C37595DFF}"
	ProjectSection(SolutionItems) = preProject
		.nuget\NuGet.Config = .nuget\NuGet.Config
		.nuget\NuGet.exe = .nuget\NuGet.exe
		.nuget\NuGet.targets = .nuget\NuGet.targets
	EndProjectSection
EndProject
Project("{FAE04EC0-301F-11D3-BF4B-00C04F79EFBC}") = "Shared", "Shared\Shared.csproj", "{AD465C0C-D880-4A2B-87AB-7BCEFB1E0BED}"
EndProject
Project("{2150E333-8FDC-42A3-9474-1A3956D46DE8}") = "SolutionItems", "SolutionItems", "{E8E46D0F-799B-43B7-94F7-855E21343039}"
	ProjectSection(SolutionItems) = preProject
		ApplyVersionToAssemblies.ps1 = ApplyVersionToAssemblies.ps1
	EndProjectSection
EndProject
Project("{2150E333-8FDC-42A3-9474-1A3956D46DE8}") = "Tests", "Tests", "{E5C27ABD-9F3A-4820-BCED-1604C1A4F372}"
EndProject
Project("{FAE04EC0-301F-11D3-BF4B-00C04F79EFBC}") = "LogTests", "LogTests\LogTests.csproj", "{E3314554-0C3A-4085-B132-7C8802A66C47}"
EndProject
Project("{FAE04EC0-301F-11D3-BF4B-00C04F79EFBC}") = "MetricsTests", "MetricsTests\MetricsTests.csproj", "{10851EEF-3888-4B72-959C-D913DE1DB2EC}"
EndProject
Project("{FAE04EC0-301F-11D3-BF4B-00C04F79EFBC}") = "StatusTests", "StatusTests\StatusTests.csproj", "{4905E57B-86FD-469D-9393-0614221C5D8A}"
EndProject
Project("{2150E333-8FDC-42A3-9474-1A3956D46DE8}") = ".build", ".build", "{194826AA-8732-4ABC-99F2-D3ECE8804850}"
	ProjectSection(SolutionItems) = preProject
		Build.proj = Build.proj
		.build\MSBuild.Community.Tasks.dll = .build\MSBuild.Community.Tasks.dll
		.build\MSBuild.Community.Tasks.targets = .build\MSBuild.Community.Tasks.targets
	EndProjectSection
EndProject
Global
	GlobalSection(SolutionConfigurationPlatforms) = preSolution
		Automated_Build|Any CPU = Automated_Build|Any CPU
		Debug|Any CPU = Debug|Any CPU
		Release|Any CPU = Release|Any CPU
	EndGlobalSection
	GlobalSection(ProjectConfigurationPlatforms) = postSolution
		{6CFE4A92-E735-46C9-96C7-547D77111DE1}.Automated_Build|Any CPU.ActiveCfg = Release|Any CPU
		{6CFE4A92-E735-46C9-96C7-547D77111DE1}.Automated_Build|Any CPU.Build.0 = Release|Any CPU
		{6CFE4A92-E735-46C9-96C7-547D77111DE1}.Debug|Any CPU.ActiveCfg = Debug|Any CPU
		{6CFE4A92-E735-46C9-96C7-547D77111DE1}.Debug|Any CPU.Build.0 = Debug|Any CPU
		{6CFE4A92-E735-46C9-96C7-547D77111DE1}.Release|Any CPU.ActiveCfg = Release|Any CPU
		{6CFE4A92-E735-46C9-96C7-547D77111DE1}.Release|Any CPU.Build.0 = Release|Any CPU
		{F0861093-4893-44DE-877C-CDCDC75D1EB6}.Automated_Build|Any CPU.ActiveCfg = Automated_Build|Any CPU
		{F0861093-4893-44DE-877C-CDCDC75D1EB6}.Automated_Build|Any CPU.Build.0 = Automated_Build|Any CPU
		{F0861093-4893-44DE-877C-CDCDC75D1EB6}.Debug|Any CPU.ActiveCfg = Debug|Any CPU
		{F0861093-4893-44DE-877C-CDCDC75D1EB6}.Debug|Any CPU.Build.0 = Debug|Any CPU
		{F0861093-4893-44DE-877C-CDCDC75D1EB6}.Release|Any CPU.ActiveCfg = Release|Any CPU
		{F0861093-4893-44DE-877C-CDCDC75D1EB6}.Release|Any CPU.Build.0 = Release|Any CPU
		{7E6AEE84-2AA9-41D2-8AAE-5E98C16CA957}.Automated_Build|Any CPU.ActiveCfg = Automated_Build|Any CPU
		{7E6AEE84-2AA9-41D2-8AAE-5E98C16CA957}.Automated_Build|Any CPU.Build.0 = Automated_Build|Any CPU
		{7E6AEE84-2AA9-41D2-8AAE-5E98C16CA957}.Debug|Any CPU.ActiveCfg = Debug|Any CPU
		{7E6AEE84-2AA9-41D2-8AAE-5E98C16CA957}.Debug|Any CPU.Build.0 = Debug|Any CPU
		{7E6AEE84-2AA9-41D2-8AAE-5E98C16CA957}.Release|Any CPU.ActiveCfg = Release|Any CPU
		{7E6AEE84-2AA9-41D2-8AAE-5E98C16CA957}.Release|Any CPU.Build.0 = Release|Any CPU
		{422BB703-FB42-482A-B343-9CFF531289E4}.Automated_Build|Any CPU.ActiveCfg = Automated_Build|Any CPU
		{422BB703-FB42-482A-B343-9CFF531289E4}.Automated_Build|Any CPU.Build.0 = Automated_Build|Any CPU
		{422BB703-FB42-482A-B343-9CFF531289E4}.Debug|Any CPU.ActiveCfg = Debug|Any CPU
		{422BB703-FB42-482A-B343-9CFF531289E4}.Debug|Any CPU.Build.0 = Debug|Any CPU
		{422BB703-FB42-482A-B343-9CFF531289E4}.Release|Any CPU.ActiveCfg = Release|Any CPU
		{422BB703-FB42-482A-B343-9CFF531289E4}.Release|Any CPU.Build.0 = Release|Any CPU
		{AD465C0C-D880-4A2B-87AB-7BCEFB1E0BED}.Automated_Build|Any CPU.ActiveCfg = Automated_Build|Any CPU
		{AD465C0C-D880-4A2B-87AB-7BCEFB1E0BED}.Automated_Build|Any CPU.Build.0 = Automated_Build|Any CPU
		{AD465C0C-D880-4A2B-87AB-7BCEFB1E0BED}.Debug|Any CPU.ActiveCfg = Debug|Any CPU
		{AD465C0C-D880-4A2B-87AB-7BCEFB1E0BED}.Debug|Any CPU.Build.0 = Debug|Any CPU
		{AD465C0C-D880-4A2B-87AB-7BCEFB1E0BED}.Release|Any CPU.ActiveCfg = Release|Any CPU
		{AD465C0C-D880-4A2B-87AB-7BCEFB1E0BED}.Release|Any CPU.Build.0 = Release|Any CPU
		{E3314554-0C3A-4085-B132-7C8802A66C47}.Automated_Build|Any CPU.ActiveCfg = Release|Any CPU
		{E3314554-0C3A-4085-B132-7C8802A66C47}.Debug|Any CPU.ActiveCfg = Debug|Any CPU
		{E3314554-0C3A-4085-B132-7C8802A66C47}.Debug|Any CPU.Build.0 = Debug|Any CPU
		{E3314554-0C3A-4085-B132-7C8802A66C47}.Release|Any CPU.ActiveCfg = Release|Any CPU
		{E3314554-0C3A-4085-B132-7C8802A66C47}.Release|Any CPU.Build.0 = Release|Any CPU
		{10851EEF-3888-4B72-959C-D913DE1DB2EC}.Automated_Build|Any CPU.ActiveCfg = Release|Any CPU
		{10851EEF-3888-4B72-959C-D913DE1DB2EC}.Debug|Any CPU.ActiveCfg = Debug|Any CPU
		{10851EEF-3888-4B72-959C-D913DE1DB2EC}.Debug|Any CPU.Build.0 = Debug|Any CPU
		{10851EEF-3888-4B72-959C-D913DE1DB2EC}.Release|Any CPU.ActiveCfg = Release|Any CPU
		{10851EEF-3888-4B72-959C-D913DE1DB2EC}.Release|Any CPU.Build.0 = Release|Any CPU
		{4905E57B-86FD-469D-9393-0614221C5D8A}.Automated_Build|Any CPU.ActiveCfg = Release|Any CPU
		{4905E57B-86FD-469D-9393-0614221C5D8A}.Debug|Any CPU.ActiveCfg = Debug|Any CPU
		{4905E57B-86FD-469D-9393-0614221C5D8A}.Debug|Any CPU.Build.0 = Debug|Any CPU
		{4905E57B-86FD-469D-9393-0614221C5D8A}.Release|Any CPU.ActiveCfg = Release|Any CPU
		{4905E57B-86FD-469D-9393-0614221C5D8A}.Release|Any CPU.Build.0 = Release|Any CPU
	EndGlobalSection
	GlobalSection(SolutionProperties) = preSolution
		HideSolutionNode = FALSE
	EndGlobalSection
	GlobalSection(NestedProjects) = preSolution
		{E3314554-0C3A-4085-B132-7C8802A66C47} = {E5C27ABD-9F3A-4820-BCED-1604C1A4F372}
		{10851EEF-3888-4B72-959C-D913DE1DB2EC} = {E5C27ABD-9F3A-4820-BCED-1604C1A4F372}
		{4905E57B-86FD-469D-9393-0614221C5D8A} = {E5C27ABD-9F3A-4820-BCED-1604C1A4F372}
	EndGlobalSection
EndGlobal
